
Microsoft Visual Studio Solution File, Format Version 12.00
# Visual Studio 2017
Project("{FAE04EC0-301F-11D3-BF4B-00C04F79EFBC}") = "TaiDouDestruction", "TaiDouDestruction.csproj", "{C8208A57-C103-DD91-3396-1DE70C51252E}"
EndProject
Project("{FAE04EC0-301F-11D3-BF4B-00C04F79EFBC}") = "TaiDouDestruction.Editor", "TaiDouDestruction.Editor.csproj", "{BA9E8B66-3D91-FD21-801F-7479992168AA}"
EndProject
Global
	GlobalSection(SolutionConfigurationPlatforms) = preSolution
		Debug|Any CPU = Debug|Any CPU
		Release|Any CPU = Release|Any CPU
	EndGlobalSection
	GlobalSection(ProjectConfigurationPlatforms) = postSolution
		{C8208A57-C103-DD91-3396-1DE70C51252E}.Debug|Any CPU.ActiveCfg = Debug|Any CPU
		{C8208A57-C103-DD91-3396-1DE70C51252E}.Debug|Any CPU.Build.0 = Debug|Any CPU
		{C8208A57-C103-DD91-3396-1DE70C51252E}.Release|Any CPU.ActiveCfg = Release|Any CPU
		{C8208A57-C103-DD91-3396-1DE70C51252E}.Release|Any CPU.Build.0 = Release|Any CPU
		{BA9E8B66-3D91-FD21-801F-7479992168AA}.Debug|Any CPU.ActiveCfg = Debug|Any CPU
		{BA9E8B66-3D91-FD21-801F-7479992168AA}.Debug|Any CPU.Build.0 = Debug|Any CPU
		{BA9E8B66-3D91-FD21-801F-7479992168AA}.Release|Any CPU.ActiveCfg = Release|Any CPU
		{BA9E8B66-3D91-FD21-801F-7479992168AA}.Release|Any CPU.Build.0 = Release|Any CPU
	EndGlobalSection
	GlobalSection(SolutionProperties) = preSolution
		HideSolutionNode = FALSE
	EndGlobalSection
EndGlobal
